Microsoft Visual Studio Solution File, Format Version 11.00
# Visual Studio 2008

Project("{29ADF6A5-9AAE-E56B-464E-75E79D8CEACB}") = "untitled folder", "Assembly-CSharp.csproj", "{D5201B35-6EC1-A8EF-F52F-A750C3747921}"
EndProject
Global
	GlobalSection(SolutionConfigurationPlatforms) = preSolution
		Debug|Any CPU = Debug|Any CPU
		Release|Any CPU = Release|Any CPU
	EndGlobalSection
	GlobalSection(ProjectConfigurationPlatforms) = postSolution
		{D5201B35-6EC1-A8EF-F52F-A750C3747921}.Debug|Any CPU.ActiveCfg = Debug|Any CPU
		{D5201B35-6EC1-A8EF-F52F-A750C3747921}.Debug|Any CPU.Build.0 = Debug|Any CPU
		{D5201B35-6EC1-A8EF-F52F-A750C3747921}.Release|Any CPU.ActiveCfg = Release|Any CPU
		{D5201B35-6EC1-A8EF-F52F-A750C3747921}.Release|Any CPU.Build.0 = Release|Any CPU
	EndGlobalSection
	GlobalSection(SolutionProperties) = preSolution
		HideSolutionNode = FALSE
	EndGlobalSection
	GlobalSection(MonoDevelopProperties) = preSolution
		StartupItem = Assembly-CSharp.csproj
	EndGlobalSection
EndGlobal
